// !$*UTF8*$!
{
	archiveVersion = 1;
	classes = {
	};
	objectVersion = 56;
	objects = {

/* Begin PBXBuildFile section */
		C20E52E62BD0FE2A0096F441 /* ftyfApp.swift in Sources */ = {isa = PBXBuildFile; fileRef = C20E52E52BD0FE2A0096F441 /* ftyfApp.swift */; };
		C20E52E82BD0FE2A0096F441 /* ContentView.swift in Sources */ = {isa = PBXBuildFile; fileRef = C20E52E72BD0FE2A0096F441 /* ContentView.swift */; };
		C20E52EA2BD0FE2C0096F441 /* Assets.xcassets in Resources */ = {isa = PBXBuildFile; fileRef = C20E52E92BD0FE2C0096F441 /* Assets.xcassets */; };
		C20E52ED2BD0FE2C0096F441 /* Preview Assets.xcassets in Resources */ = {isa = PBXBuildFile; fileRef = C20E52EC2BD0FE2C0096F441 /* Preview Assets.xcassets */; };
		C20E52F82BD0FE2C0096F441 /* ftyfTests.swift in Sources */ = {isa = PBXBuildFile; fileRef = C20E52F72BD0FE2C0096F441 /* ftyfTests.swift */; };
		C20E53022BD0FE2C0096F441 /* ftyfUITests.swift in Sources */ = {isa = PBXBuildFile; fileRef = C20E53012BD0FE2C0096F441 /* ftyfUITests.swift */; };
		C20E53042BD0FE2C0096F441 /* ftyfUITestsLaunchTests.swift in Sources */ = {isa = PBXBuildFile; fileRef = C20E53032BD0FE2C0096F441 /* ftyfUITestsLaunchTests.swift */; };
/* End PBXBuildFile section */

/* Begin PBXContainerItemProxy section */
		C20E52F42BD0FE2C0096F441 /* PBXContainerItemProxy */ = {
			isa = PBXContainerItemProxy;
			containerPortal = C20E52DA2BD0FE2A0096F441 /* Project object */;
			proxyType = 1;
			remoteGlobalIDString = C20E52E12BD0FE2A0096F441;
			remoteInfo = ftyf;
		};
		C20E52FE2BD0FE2C0096F441 /* PBXContainerItemProxy */ = {
			isa = PBXContainerItemProxy;
			containerPortal = C20E52DA2BD0FE2A0096F441 /* Project object */;
			proxyType = 1;
			remoteGlobalIDString = C20E52E12BD0FE2A0096F441;
			remoteInfo = ftyf;
		};
/* End PBXContainerItemProxy section */

/* Begin PBXFileReference section */
		C20E52E22BD0FE2A0096F441 /* ftyf.app */ = {isa = PBXFileReference; explicitFileType = wrapper.application; includeInIndex = 0; path = ftyf.app; sourceTree = BUILT_PRODUCTS_DIR; };
		C20E52E52BD0FE2A0096F441 /* ftyfApp.swift */ = {isa = PBXFileReference; lastKnownFileType = sourcecode.swift; path = ftyfApp.swift; sourceTree = "<group>"; };
		C20E52E72BD0FE2A0096F441 /* ContentView.swift */ = {isa = PBXFileReference; lastKnownFileType = sourcecode.swift; path = ContentView.swift; sourceTree = "<group>"; };
		C20E52E92BD0FE2C0096F441 /* Assets.xcassets */ = {isa = PBXFileReference; lastKnownFileType = folder.assetcatalog; path = Assets.xcassets; sourceTree = "<group>"; };
		C20E52EC2BD0FE2C0096F441 /* Preview Assets.xcassets */ = {isa = PBXFileReference; lastKnownFileType = folder.assetcatalog; path = "Preview Assets.xcassets"; sourceTree = "<group>"; };
		C20E52EE2BD0FE2C0096F441 /* ftyf.entitlements */ = {isa = PBXFileReference; lastKnownFileType = text.plist.entitlements; path = ftyf.entitlements; sourceTree = "<group>"; };
		C20E52F32BD0FE2C0096F441 /* ftyfTests.xctest */ = {isa = PBXFileReference; explicitFileType = wrapper.cfbundle; includeInIndex = 0; path = ftyfTests.xctest; sourceTree = BUILT_PRODUCTS_DIR; };
		C20E52F72BD0FE2C0096F441 /* ftyfTests.swift */ = {isa = PBXFileReference; lastKnownFileType = sourcecode.swift; path = ftyfTests.swift; sourceTree = "<group>"; };
		C20E52FD2BD0FE2C0096F441 /* ftyfUITests.xctest */ = {isa = PBXFileReference; explicitFileType = wrapper.cfbundle; includeInIndex = 0; path = ftyfUITests.xctest; sourceTree = BUILT_PRODUCTS_DIR; };
		C20E53012BD0FE2C0096F441 /* ftyfUITests.swift */ = {isa = PBXFileReference; lastKnownFileType = sourcecode.swift; path = ftyfUITests.swift; sourceTree = "<group>"; };
		C20E53032BD0FE2C0096F441 /* ftyfUITestsLaunchTests.swift */ = {isa = PBXFileReference; lastKnownFileType = sourcecode.swift; path = ftyfUITestsLaunchTests.swift; sourceTree = "<group>"; };
/* End PBXFileReference section */

/* Begin PBXFrameworksBuildPhase section */
		C20E52DF2BD0FE2A0096F441 /* Frameworks */ = {
			isa = PBXFrameworksBuildPhase;
			buildActionMask = 2147483647;
			files = (
			);
			runOnlyForDeploymentPostprocessing = 0;
		};
		C20E52F02BD0FE2C0096F441 /* Frameworks */ = {
			isa = PBXFrameworksBuildPhase;
			buildActionMask = 2147483647;
			files = (
			);
			runOnlyForDeploymentPostprocessing = 0;
		};
		C20E52FA2BD0FE2C0096F441 /* Frameworks */ = {
			isa = PBXFrameworksBuildPhase;
			buildActionMask = 2147483647;
			files = (
			);
			runOnlyForDeploymentPostprocessing = 0;
		};
/* End PBXFrameworksBuildPhase section */

/* Begin PBXGroup section */
		C20E52D92BD0FE2A0096F441 = {
			isa = PBXGroup;
			children = (
				C20E52E42BD0FE2A0096F441 /* ftyf */,
				C20E52F62BD0FE2C0096F441 /* ftyfTests */,
				C20E53002BD0FE2C0096F441 /* ftyfUITests */,
				C20E52E32BD0FE2A0096F441 /* Products */,
			);
			sourceTree = "<group>";
		};
		C20E52E32BD0FE2A0096F441 /* Products */ = {
			isa = PBXGroup;
			children = (
				C20E52E22BD0FE2A0096F441 /* ftyf.app */,
				C20E52F32BD0FE2C0096F441 /* ftyfTests.xctest */,
				C20E52FD2BD0FE2C0096F441 /* ftyfUITests.xctest */,
			);
			name = Products;
			sourceTree = "<group>";
		};
		C20E52E42BD0FE2A0096F441 /* ftyf */ = {
			isa = PBXGroup;
			children = (
				C20E52E52BD0FE2A0096F441 /* ftyfApp.swift */,
				C20E52E72BD0FE2A0096F441 /* ContentView.swift */,
				C20E52E92BD0FE2C0096F441 /* Assets.xcassets */,
				C20E52EE2BD0FE2C0096F441 /* ftyf.entitlements */,
				C20E52EB2BD0FE2C0096F441 /* Preview Content */,
			);
			path = ftyf;
			sourceTree = "<group>";
		};
		C20E52EB2BD0FE2C0096F441 /* Preview Content */ = {
			isa = PBXGroup;
			children = (
				C20E52EC2BD0FE2C0096F441 /* Preview Assets.xcassets */,
			);
			path = "Preview Content";
			sourceTree = "<group>";
		};
		C20E52F62BD0FE2C0096F441 /* ftyfTests */ = {
			isa = PBXGroup;
			children = (
				C20E52F72BD0FE2C0096F441 /* ftyfTests.swift */,
			);
			path = ftyfTests;
			sourceTree = "<group>";
		};
		C20E53002BD0FE2C0096F441 /* ftyfUITests */ = {
			isa = PBXGroup;
			children = (
				C20E53012BD0FE2C0096F441 /* ftyfUITests.swift */,
				C20E53032BD0FE2C0096F441 /* ftyfUITestsLaunchTests.swift */,
			);
			path = ftyfUITests;
			sourceTree = "<group>";
		};
/* End PBXGroup section */

/* Begin PBXNativeTarget section */
		C20E52E12BD0FE2A0096F441 /* ftyf */ = {
			isa = PBXNativeTarget;
			buildConfigurationList = C20E53072BD0FE2C0096F441 /* Build configuration list for PBXNativeTarget "ftyf" */;
			buildPhases = (
				C20E52DE2BD0FE2A0096F441 /* Sources */,
				C20E52DF2BD0FE2A0096F441 /* Frameworks */,
				C20E52E02BD0FE2A0096F441 /* Resources */,
			);
			buildRules = (
			);
			dependencies = (
			);
			name = ftyf;
			productName = ftyf;
			productReference = C20E52E22BD0FE2A0096F441 /* ftyf.app */;
			productType = "com.apple.product-type.application";
		};
		C20E52F22BD0FE2C0096F441 /* ftyfTests */ = {
			isa = PBXNativeTarget;
			buildConfigurationList = C20E530A2BD0FE2C0096F441 /* Build configuration list for PBXNativeTarget "ftyfTests" */;
			buildPhases = (
				C20E52EF2BD0FE2C0096F441 /* Sources */,
				C20E52F02BD0FE2C0096F441 /* Frameworks */,
				C20E52F12BD0FE2C0096F441 /* Resources */,
			);
			buildRules = (
			);
			dependencies = (
				C20E52F52BD0FE2C0096F441 /* PBXTargetDependency */,
			);
			name = ftyfTests;
			productName = ftyfTests;
			productReference = C20E52F32BD0FE2C0096F441 /* ftyfTests.xctest */;
			productType = "com.apple.product-type.bundle.unit-test";
		};
		C20E52FC2BD0FE2C0096F441 /* ftyfUITests */ = {
			isa = PBXNativeTarget;
			buildConfigurationList = C20E530D2BD0FE2C0096F441 /* Build configuration list for PBXNativeTarget "ftyfUITests" */;
			buildPhases = (
				C20E52F92BD0FE2C0096F441 /* Sources */,
				C20E52FA2BD0FE2C0096F441 /* Frameworks */,
				C20E52FB2BD0FE2C0096F441 /* Resources */,
			);
			buildRules = (
			);
			dependencies = (
				C20E52FF2BD0FE2C0096F441 /* PBXTargetDependency */,
			);
			name = ftyfUITests;
			productName = ftyfUITests;
			productReference = C20E52FD2BD0FE2C0096F441 /* ftyfUITests.xctest */;
			productType = "com.apple.product-type.bundle.ui-testing";
		};
/* End PBXNativeTarget section */

/* Begin PBXProject section */
		C20E52DA2BD0FE2A0096F441 /* Project object */ = {
			isa = PBXProject;
			attributes = {
				BuildIndependentTargetsInParallel = 1;
				LastSwiftUpdateCheck = 1420;
				LastUpgradeCheck = 1420;
				TargetAttributes = {
					C20E52E12BD0FE2A0096F441 = {
						CreatedOnToolsVersion = 14.2;
					};
					C20E52F22BD0FE2C0096F441 = {
						CreatedOnToolsVersion = 14.2;
						TestTargetID = C20E52E12BD0FE2A0096F441;
					};
					C20E52FC2BD0FE2C0096F441 = {
						CreatedOnToolsVersion = 14.2;
						TestTargetID = C20E52E12BD0FE2A0096F441;
					};
				};
			};
			buildConfigurationList = C20E52DD2BD0FE2A0096F441 /* Build configuration list for PBXProject "ftyf" */;
			compatibilityVersion = "Xcode 14.0";
			developmentRegion = en;
			hasScannedForEncodings = 0;
			knownRegions = (
				en,
				Base,
			);
			mainGroup = C20E52D92BD0FE2A0096F441;
			productRefGroup = C20E52E32BD0FE2A0096F441 /* Products */;
			projectDirPath = "";
			projectRoot = "";
			targets = (
				C20E52E12BD0FE2A0096F441 /* ftyf */,
				C20E52F22BD0FE2C0096F441 /* ftyfTests */,
				C20E52FC2BD0FE2C0096F441 /* ftyfUITests */,
			);
		};
/* End PBXProject section */

/* Begin PBXResourcesBuildPhase section */
		C20E52E02BD0FE2A0096F441 /* Resources */ = {
			isa = PBXResourcesBuildPhase;
			buildActionMask = 2147483647;
			files = (
				C20E52ED2BD0FE2C0096F441 /* Preview Assets.xcassets in Resources */,
				C20E52EA2BD0FE2C0096F441 /* Assets.xcassets in Resources */,
			);
			runOnlyForDeploymentPostprocessing = 0;
		};
		C20E52F12BD0FE2C0096F441 /* Resources */ = {
			isa = PBXResourcesBuildPhase;
			buildActionMask = 2147483647;
			files = (
			);
			runOnlyForDeploymentPostprocessing = 0;
		};
		C20E52FB2BD0FE2C0096F441 /* Resources */ = {
			isa = PBXResourcesBuildPhase;
			buildActionMask = 2147483647;
			files = (
			);
			runOnlyForDeploymentPostprocessing = 0;
		};
/* End PBXResourcesBuildPhase section */

/* Begin PBXSourcesBuildPhase section */
		C20E52DE2BD0FE2A0096F441 /* Sources */ = {
			isa = PBXSourcesBuildPhase;
			buildActionMask = 2147483647;
			files = (
				C20E52E82BD0FE2A0096F441 /* ContentView.swift in Sources */,
				C20E52E62BD0FE2A0096F441 /* ftyfApp.swift in Sources */,
			);
			runOnlyForDeploymentPostprocessing = 0;
		};
		C20E52EF2BD0FE2C0096F441 /* Sources */ = {
			isa = PBXSourcesBuildPhase;
			buildActionMask = 2147483647;
			files = (
				C20E52F82BD0FE2C0096F441 /* ftyfTests.swift in Sources */,
			);
			runOnlyForDeploymentPostprocessing = 0;
		};
		C20E52F92BD0FE2C0096F441 /* Sources */ = {
			isa = PBXSourcesBuildPhase;
			buildActionMask = 2147483647;
			files = (
				C20E53022BD0FE2C0096F441 /* ftyfUITests.swift in Sources */,
				C20E53042BD0FE2C0096F441 /* ftyfUITestsLaunchTests.swift in Sources */,
			);
			runOnlyForDeploymentPostprocessing = 0;
		};
/* End PBXSourcesBuildPhase section */

/* Begin PBXTargetDependency section */
		C20E52F52BD0FE2C0096F441 /* PBXTargetDependency */ = {
			isa = PBXTargetDependency;
			target = C20E52E12BD0FE2A0096F441 /* ftyf */;
			targetProxy = C20E52F42BD0FE2C0096F441 /* PBXContainerItemProxy */;
		};
		C20E52FF2BD0FE2C0096F441 /* PBXTargetDependency */ = {
			isa = PBXTargetDependency;
			target = C20E52E12BD0FE2A0096F441 /* ftyf */;
			targetProxy = C20E52FE2BD0FE2C0096F441 /* PBXContainerItemProxy */;
		};
/* End PBXTargetDependency section */

/* Begin XCBuildConfiguration section */
		C20E53052BD0FE2C0096F441 /* Debug */ = {
			isa = XCBuildConfiguration;
			buildSettings = {
				ALWAYS_SEARCH_USER_PATHS = NO;
				CLANG_ANALYZER_NONNULL = YES;
				CLANG_ANALYZER_NUMBER_OBJECT_CONVERSION = YES_AGGRESSIVE;
				CLANG_CXX_LANGUAGE_STANDARD = "gnu++20";
				CLANG_ENABLE_MODULES = YES;
				CLANG_ENABLE_OBJC_ARC = YES;
				CLANG_ENABLE_OBJC_WEAK = YES;
				CLANG_WARN_BLOCK_CAPTURE_AUTORELEASING = YES;
				CLANG_WARN_BOOL_CONVERSION = YES;
				CLANG_WARN_COMMA = YES;
				CLANG_WARN_CONSTANT_CONVERSION = YES;
				CLANG_WARN_DEPRECATED_OBJC_IMPLEMENTATIONS = YES;
				CLANG_WARN_DIRECT_OBJC_ISA_USAGE = YES_ERROR;
				CLANG_WARN_DOCUMENTATION_COMMENTS = YES;
				CLANG_WARN_EMPTY_BODY = YES;
				CLANG_WARN_ENUM_CONVERSION = YES;
				CLANG_WARN_INFINITE_RECURSION = YES;
				CLANG_WARN_INT_CONVERSION = YES;
				CLANG_WARN_NON_LITERAL_NULL_CONVERSION = YES;
				CLANG_WARN_OBJC_IMPLICIT_RETAIN_SELF = YES;
				CLANG_WARN_OBJC_LITERAL_CONVERSION = YES;
				CLANG_WARN_OBJC_ROOT_CLASS = YES_ERROR;
				CLANG_WARN_QUOTED_INCLUDE_IN_FRAMEWORK_HEADER = YES;
				CLANG_WARN_RANGE_LOOP_ANALYSIS = YES;
				CLANG_WARN_STRICT_PROTOTYPES = YES;
				CLANG_WARN_SUSPICIOUS_MOVE = YES;
				CLANG_WARN_UNGUARDED_AVAILABILITY = YES_AGGRESSIVE;
				CLANG_WARN_UNREACHABLE_CODE = YES;
				CLANG_WARN__DUPLICATE_METHOD_MATCH = YES;
				COPY_PHASE_STRIP = NO;
				DEBUG_INFORMATION_FORMAT = dwarf;
				ENABLE_STRICT_OBJC_MSGSEND = YES;
				ENABLE_TESTABILITY = YES;
				GCC_C_LANGUAGE_STANDARD = gnu11;
				GCC_DYNAMIC_NO_PIC = NO;
				GCC_NO_COMMON_BLOCKS = YES;
				GCC_OPTIMIZATION_LEVEL = 0;
				GCC_PREPROCESSOR_DEFINITIONS = (
					"DEBUG=1",
					"$(inherited)",
				);
				GCC_WARN_64_TO_32_BIT_CONVERSION = YES;
				GCC_WARN_ABOUT_RETURN_TYPE = YES_ERROR;
				GCC_WARN_UNDECLARED_SELECTOR = YES;
				GCC_WARN_UNINITIALIZED_AUTOS = YES_AGGRESSIVE;
				GCC_WARN_UNUSED_FUNCTION = YES;
				GCC_WARN_UNUSED_VARIABLE = YES;
				MACOSX_DEPLOYMENT_TARGET = 13.1;
				MTL_ENABLE_DEBUG_INFO = INCLUDE_SOURCE;
				MTL_FAST_MATH = YES;
				ONLY_ACTIVE_ARCH = YES;
				SDKROOT = macosx;
				SWIFT_ACTIVE_COMPILATION_CONDITIONS = DEBUG;
				SWIFT_OPTIMIZATION_LEVEL = "-Onone";
			};
			name = Debug;
		};
		C20E53062BD0FE2C0096F441 /* Release */ = {
			isa = XCBuildConfiguration;
			buildSettings = {
				ALWAYS_SEARCH_USER_PATHS = NO;
				CLANG_ANALYZER_NONNULL = YES;
				CLANG_ANALYZER_NUMBER_OBJECT_CONVERSION = YES_AGGRESSIVE;
				CLANG_CXX_LANGUAGE_STANDARD = "gnu++20";
				CLANG_ENABLE_MODULES = YES;
				CLANG_ENABLE_OBJC_ARC = YES;
				CLANG_ENABLE_OBJC_WEAK = YES;
				CLANG_WARN_BLOCK_CAPTURE_AUTORELEASING = YES;
				CLANG_WARN_BOOL_CONVERSION = YES;
				CLANG_WARN_COMMA = YES;
				CLANG_WARN_CONSTANT_CONVERSION = YES;
				CLANG_WARN_DEPRECATED_OBJC_IMPLEMENTATIONS = YES;
				CLANG_WARN_DIRECT_OBJC_ISA_USAGE = YES_ERROR;
				CLANG_WARN_DOCUMENTATION_COMMENTS = YES;
				CLANG_WARN_EMPTY_BODY = YES;
				CLANG_WARN_ENUM_CONVERSION = YES;
				CLANG_WARN_INFINITE_RECURSION = YES;
				CLANG_WARN_INT_CONVERSION = YES;
				CLANG_WARN_NON_LITERAL_NULL_CONVERSION = YES;
				CLANG_WARN_OBJC_IMPLICIT_RETAIN_SELF = YES;
				CLANG_WARN_OBJC_LITERAL_CONVERSION = YES;
				CLANG_WARN_OBJC_ROOT_CLASS = YES_ERROR;
				CLANG_WARN_QUOTED_INCLUDE_IN_FRAMEWORK_HEADER = YES;
				CLANG_WARN_RANGE_LOOP_ANALYSIS = YES;
				CLANG_WARN_STRICT_PROTOTYPES = YES;
				CLANG_WARN_SUSPICIOUS_MOVE = YES;
				CLANG_WARN_UNGUARDED_AVAILABILITY = YES_AGGRESSIVE;
				CLANG_WARN_UNREACHABLE_CODE = YES;
				CLANG_WARN__DUPLICATE_METHOD_MATCH = YES;
				COPY_PHASE_STRIP = NO;
				DEBUG_INFORMATION_FORMAT = "dwarf-with-dsym";
				ENABLE_NS_ASSERTIONS = NO;
				ENABLE_STRICT_OBJC_MSGSEND = YES;
				GCC_C_LANGUAGE_STANDARD = gnu11;
				GCC_NO_COMMON_BLOCKS = YES;
				GCC_WARN_64_TO_32_BIT_CONVERSION = YES;
				GCC_WARN_ABOUT_RETURN_TYPE = YES_ERROR;
				GCC_WARN_UNDECLARED_SELECTOR = YES;
				GCC_WARN_UNINITIALIZED_AUTOS = YES_AGGRESSIVE;
				GCC_WARN_UNUSED_FUNCTION = YES;
				GCC_WARN_UNUSED_VARIABLE = YES;
				MACOSX_DEPLOYMENT_TARGET = 13.1;
				MTL_ENABLE_DEBUG_INFO = NO;
				MTL_FAST_MATH = YES;
				SDKROOT = macosx;
				SWIFT_COMPILATION_MODE = wholemodule;
				SWIFT_OPTIMIZATION_LEVEL = "-O";
			};
			name = Release;
		};
		C20E53082BD0FE2C0096F441 /* Debug */ = {
			isa = XCBuildConfiguration;
			buildSettings = {
				ASSETCATALOG_COMPILER_APPICON_NAME = AppIcon;
				ASSETCATALOG_COMPILER_GLOBAL_ACCENT_COLOR_NAME = AccentColor;
				CODE_SIGN_ENTITLEMENTS = ftyf/ftyf.entitlements;
				CODE_SIGN_STYLE = Automatic;
				COMBINE_HIDPI_IMAGES = YES;
				CURRENT_PROJECT_VERSION = 1;
				DEVELOPMENT_ASSET_PATHS = "\"ftyf/Preview Content\"";
				
				ENABLE_HARDENED_RUNTIME = YES;
				ENABLE_PREVIEWS = YES;
				GENERATE_INFOPLIST_FILE = YES;
				INFOPLIST_KEY_NSHumanReadableCopyright = "";
				LD_RUNPATH_SEARCH_PATHS = (
					"$(inherited)",
					"@executable_path/../Frameworks",
				);
				MARKETING_VERSION = 1.0;
				PRODUCT_BUNDLE_IDENTIFIER = com.fkghuef.grogrogri;
				PRODUCT_NAME = "$(TARGET_NAME)";
				SWIFT_EMIT_LOC_STRINGS = YES;
				SWIFT_VERSION = 5.0;
			};
			name = Debug;
		};
		C20E53092BD0FE2C0096F441 /* Release */ = {
			isa = XCBuildConfiguration;
			buildSettings = {
				ASSETCATALOG_COMPILER_APPICON_NAME = AppIcon;
				ASSETCATALOG_COMPILER_GLOBAL_ACCENT_COLOR_NAME = AccentColor;
				CODE_SIGN_ENTITLEMENTS = ftyf/ftyf.entitlements;
				CODE_SIGN_STYLE = Automatic;
				COMBINE_HIDPI_IMAGES = YES;
				CURRENT_PROJECT_VERSION = 1;
				DEVELOPMENT_ASSET_PATHS = "\"ftyf/Preview Content\"";
				
				ENABLE_HARDENED_RUNTIME = YES;
				ENABLE_PREVIEWS = YES;
				GENERATE_INFOPLIST_FILE = YES;
				INFOPLIST_KEY_NSHumanReadableCopyright = "";
				LD_RUNPATH_SEARCH_PATHS = (
					"$(inherited)",
					"@executable_path/../Frameworks",
				);
				MARKETING_VERSION = 1.0;
				PRODUCT_BUNDLE_IDENTIFIER = com.fkghuef.grogrogri;
				PRODUCT_NAME = "$(TARGET_NAME)";
				SWIFT_EMIT_LOC_STRINGS = YES;
				SWIFT_VERSION = 5.0;
			};
			name = Release;
		};
		C20E530B2BD0FE2C0096F441 /* Debug */ = {
			isa = XCBuildConfiguration;
			buildSettings = {
				ALWAYS_EMBED_SWIFT_STANDARD_LIBRARIES = YES;
				BUNDLE_LOADER = "$(TEST_HOST)";
				CODE_SIGN_STYLE = Automatic;
				CURRENT_PROJECT_VERSION = 1;
				
				GENERATE_INFOPLIST_FILE = YES;
				MACOSX_DEPLOYMENT_TARGET = 13.1;
				MARKETING_VERSION = 1.0;
				PRODUCT_BUNDLE_IDENTIFIER = cancan.ftyfTests;
				PRODUCT_NAME = "$(TARGET_NAME)";
				SWIFT_EMIT_LOC_STRINGS = NO;
				SWIFT_VERSION = 5.0;
				TEST_HOST = "$(BUILT_PRODUCTS_DIR)/ftyf.app/$(BUNDLE_EXECUTABLE_FOLDER_PATH)/ftyf";
			};
			name = Debug;
		};
		C20E530C2BD0FE2C0096F441 /* Release */ = {
			isa = XCBuildConfiguration;
			buildSettings = {
				ALWAYS_EMBED_SWIFT_STANDARD_LIBRARIES = YES;
				BUNDLE_LOADER = "$(TEST_HOST)";
				CODE_SIGN_STYLE = Automatic;
				CURRENT_PROJECT_VERSION = 1;
				
				GENERATE_INFOPLIST_FILE = YES;
				MACOSX_DEPLOYMENT_TARGET = 13.1;
				MARKETING_VERSION = 1.0;
				PRODUCT_BUNDLE_IDENTIFIER = cancan.ftyfTests;
				PRODUCT_NAME = "$(TARGET_NAME)";
				SWIFT_EMIT_LOC_STRINGS = NO;
				SWIFT_VERSION = 5.0;
				TEST_HOST = "$(BUILT_PRODUCTS_DIR)/ftyf.app/$(BUNDLE_EXECUTABLE_FOLDER_PATH)/ftyf";
			};
			name = Release;
		};
		C20E530E2BD0FE2C0096F441 /* Debug */ = {
			isa = XCBuildConfiguration;
			buildSettings = {
				ALWAYS_EMBED_SWIFT_STANDARD_LIBRARIES = YES;
				CODE_SIGN_STYLE = Automatic;
				CURRENT_PROJECT_VERSION = 1;
				
				GENERATE_INFOPLIST_FILE = YES;
				MARKETING_VERSION = 1.0;
				PRODUCT_BUNDLE_IDENTIFIER = cancan.ftyfUITests;
				PRODUCT_NAME = "$(TARGET_NAME)";
				SWIFT_EMIT_LOC_STRINGS = NO;
				SWIFT_VERSION = 5.0;
				TEST_TARGET_NAME = ftyf;
			};
			name = Debug;
		};
		C20E530F2BD0FE2C0096F441 /* Release */ = {
			isa = XCBuildConfiguration;
			buildSettings = {
				ALWAYS_EMBED_SWIFT_STANDARD_LIBRARIES = YES;
				CODE_SIGN_STYLE = Automatic;
				CURRENT_PROJECT_VERSION = 1;
				
				GENERATE_INFOPLIST_FILE = YES;
				MARKETING_VERSION = 1.0;
				PRODUCT_BUNDLE_IDENTIFIER = cancan.ftyfUITests;
				PRODUCT_NAME = "$(TARGET_NAME)";
				SWIFT_EMIT_LOC_STRINGS = NO;
				SWIFT_VERSION = 5.0;
				TEST_TARGET_NAME = ftyf;
			};
			name = Release;
		};
/* End XCBuildConfiguration section */

/* Begin XCConfigurationList section */
		C20E52DD2BD0FE2A0096F441 /* Build configuration list for PBXProject "ftyf" */ = {
			isa = XCConfigurationList;
			buildConfigurations = (
				C20E53052BD0FE2C0096F441 /* Debug */,
				C20E53062BD0FE2C0096F441 /* Release */,
			);
			defaultConfigurationIsVisible = 0;
			defaultConfigurationName = Release;
		};
		C20E53072BD0FE2C0096F441 /* Build configuration list for PBXNativeTarget "ftyf" */ = {
			isa = XCConfigurationList;
			buildConfigurations = (
				C20E53082BD0FE2C0096F441 /* Debug */,
				C20E53092BD0FE2C0096F441 /* Release */,
			);
			defaultConfigurationIsVisible = 0;
			defaultConfigurationName = Release;
		};
		C20E530A2BD0FE2C0096F441 /* Build configuration list for PBXNativeTarget "ftyfTests" */ = {
			isa = XCConfigurationList;
			buildConfigurations = (
				C20E530B2BD0FE2C0096F441 /* Debug */,
				C20E530C2BD0FE2C0096F441 /* Release */,
			);
			defaultConfigurationIsVisible = 0;
			defaultConfigurationName = Release;
		};
		C20E530D2BD0FE2C0096F441 /* Build configuration list for PBXNativeTarget "ftyfUITests" */ = {
			isa = XCConfigurationList;
			buildConfigurations = (
				C20E530E2BD0FE2C0096F441 /* Debug */,
				C20E530F2BD0FE2C0096F441 /* Release */,
			);
			defaultConfigurationIsVisible = 0;
			defaultConfigurationName = Release;
		};
/* End XCConfigurationList section */
	};
	rootObject = C20E52DA2BD0FE2A0096F441 /* Project object */;
}
